
Microsoft Visual Studio Solution File, Format Version 11.00
# Visual Studio 2010
Project("{8BC9CEB8-8B4A-11D0-8D11-00A0C91BC942}") = "Deskam", "Deskam\Deskam.vcxproj", "{F3C1FD50-511D-43E3-BBD3-D899A4610FFE}"
	ProjectSection(ProjectDependencies) = postProject
		{2C86951C-F546-46C9-B983-0F09642906D9} = {2C86951C-F546-46C9-B983-0F09642906D9}
		{99D9DB75-2DFF-4E21-950C-0C8FF850137D} = {99D9DB75-2DFF-4E21-950C-0C8FF850137D}
		{E8A3F6FA-AE1C-4C8E-A0B6-9C8480324EAA} = {E8A3F6FA-AE1C-4C8E-A0B6-9C8480324EAA}
	EndProjectSection
EndProject
Project("{8BC9CEB8-8B4A-11D0-8D11-00A0C91BC942}") = "BaseClasses", "baseclasses\BaseClasses.vcxproj", "{E8A3F6FA-AE1C-4C8E-A0B6-9C8480324EAA}"
EndProject
Project("{8BC9CEB8-8B4A-11D0-8D11-00A0C91BC942}") = "DeskamFilter", "DeskamFilter\DeskamFilter.vcxproj", "{99D9DB75-2DFF-4E21-950C-0C8FF850137D}"
	ProjectSection(ProjectDependencies) = postProject
		{2C86951C-F546-46C9-B983-0F09642906D9} = {2C86951C-F546-46C9-B983-0F09642906D9}
		{E8A3F6FA-AE1C-4C8E-A0B6-9C8480324EAA} = {E8A3F6FA-AE1C-4C8E-A0B6-9C8480324EAA}
	EndProjectSection
EndProject
Project("{8BC9CEB8-8B4A-11D0-8D11-00A0C91BC942}") = "DeskamComm", "DeskamComm\DeskamComm.vcxproj", "{2C86951C-F546-46C9-B983-0F09642906D9}"
EndProject
Global
	GlobalSection(SolutionConfigurationPlatforms) = preSolution
		Debug_MBCS|Win32 = Debug_MBCS|Win32
		Debug_MBCS|x64 = Debug_MBCS|x64
		Debug|Win32 = Debug|Win32
		Debug|x64 = Debug|x64
		Release_MBCS|Win32 = Release_MBCS|Win32
		Release_MBCS|x64 = Release_MBCS|x64
		Release|Win32 = Release|Win32
		Release|x64 = Release|x64
	EndGlobalSection
	GlobalSection(ProjectConfigurationPlatforms) = postSolution
		{F3C1FD50-511D-43E3-BBD3-D899A4610FFE}.Debug_MBCS|Win32.ActiveCfg = Debug|Win32
		{F3C1FD50-511D-43E3-BBD3-D899A4610FFE}.Debug_MBCS|Win32.Build.0 = Debug|Win32
		{F3C1FD50-511D-43E3-BBD3-D899A4610FFE}.Debug_MBCS|x64.ActiveCfg = Debug|Win32
		{F3C1FD50-511D-43E3-BBD3-D899A4610FFE}.Debug|Win32.ActiveCfg = Debug|Win32
		{F3C1FD50-511D-43E3-BBD3-D899A4610FFE}.Debug|Win32.Build.0 = Debug|Win32
		{F3C1FD50-511D-43E3-BBD3-D899A4610FFE}.Debug|x64.ActiveCfg = Debug|Win32
		{F3C1FD50-511D-43E3-BBD3-D899A4610FFE}.Release_MBCS|Win32.ActiveCfg = Release|Win32
		{F3C1FD50-511D-43E3-BBD3-D899A4610FFE}.Release_MBCS|Win32.Build.0 = Release|Win32
		{F3C1FD50-511D-43E3-BBD3-D899A4610FFE}.Release_MBCS|x64.ActiveCfg = Release|Win32
		{F3C1FD50-511D-43E3-BBD3-D899A4610FFE}.Release|Win32.ActiveCfg = Release|Win32
		{F3C1FD50-511D-43E3-BBD3-D899A4610FFE}.Release|Win32.Build.0 = Release|Win32
		{F3C1FD50-511D-43E3-BBD3-D899A4610FFE}.Release|x64.ActiveCfg = Release|Win32
		{E8A3F6FA-AE1C-4C8E-A0B6-9C8480324EAA}.Debug_MBCS|Win32.ActiveCfg = Debug_MBCS|Win32
		{E8A3F6FA-AE1C-4C8E-A0B6-9C8480324EAA}.Debug_MBCS|Win32.Build.0 = Debug_MBCS|Win32
		{E8A3F6FA-AE1C-4C8E-A0B6-9C8480324EAA}.Debug_MBCS|x64.ActiveCfg = Debug_MBCS|x64
		{E8A3F6FA-AE1C-4C8E-A0B6-9C8480324EAA}.Debug_MBCS|x64.Build.0 = Debug_MBCS|x64
		{E8A3F6FA-AE1C-4C8E-A0B6-9C8480324EAA}.Debug|Win32.ActiveCfg = Debug|Win32
		{E8A3F6FA-AE1C-4C8E-A0B6-9C8480324EAA}.Debug|Win32.Build.0 = Debug|Win32
		{E8A3F6FA-AE1C-4C8E-A0B6-9C8480324EAA}.Debug|x64.ActiveCfg = Debug|x64
		{E8A3F6FA-AE1C-4C8E-A0B6-9C8480324EAA}.Debug|x64.Build.0 = Debug|x64
		{E8A3F6FA-AE1C-4C8E-A0B6-9C8480324EAA}.Release_MBCS|Win32.ActiveCfg = Release_MBCS|Win32
		{E8A3F6FA-AE1C-4C8E-A0B6-9C8480324EAA}.Release_MBCS|Win32.Build.0 = Release_MBCS|Win32
		{E8A3F6FA-AE1C-4C8E-A0B6-9C8480324EAA}.Release_MBCS|x64.ActiveCfg = Release_MBCS|x64
		{E8A3F6FA-AE1C-4C8E-A0B6-9C8480324EAA}.Release_MBCS|x64.Build.0 = Release_MBCS|x64
		{E8A3F6FA-AE1C-4C8E-A0B6-9C8480324EAA}.Release|Win32.ActiveCfg = Release|Win32
		{E8A3F6FA-AE1C-4C8E-A0B6-9C8480324EAA}.Release|Win32.Build.0 = Release|Win32
		{E8A3F6FA-AE1C-4C8E-A0B6-9C8480324EAA}.Release|x64.ActiveCfg = Release|x64
		{E8A3F6FA-AE1C-4C8E-A0B6-9C8480324EAA}.Release|x64.Build.0 = Release|x64
		{99D9DB75-2DFF-4E21-950C-0C8FF850137D}.Debug_MBCS|Win32.ActiveCfg = Debug|Win32
		{99D9DB75-2DFF-4E21-950C-0C8FF850137D}.Debug_MBCS|Win32.Build.0 = Debug|Win32
		{99D9DB75-2DFF-4E21-950C-0C8FF850137D}.Debug_MBCS|x64.ActiveCfg = Debug|Win32
		{99D9DB75-2DFF-4E21-950C-0C8FF850137D}.Debug|Win32.ActiveCfg = Debug|Win32
		{99D9DB75-2DFF-4E21-950C-0C8FF850137D}.Debug|Win32.Build.0 = Debug|Win32
		{99D9DB75-2DFF-4E21-950C-0C8FF850137D}.Debug|x64.ActiveCfg = Debug|Win32
		{99D9DB75-2DFF-4E21-950C-0C8FF850137D}.Release_MBCS|Win32.ActiveCfg = Release|Win32
		{99D9DB75-2DFF-4E21-950C-0C8FF850137D}.Release_MBCS|Win32.Build.0 = Release|Win32
		{99D9DB75-2DFF-4E21-950C-0C8FF850137D}.Release_MBCS|x64.ActiveCfg = Release|Win32
		{99D9DB75-2DFF-4E21-950C-0C8FF850137D}.Release|Win32.ActiveCfg = Release|Win32
		{99D9DB75-2DFF-4E21-950C-0C8FF850137D}.Release|Win32.Build.0 = Release|Win32
		{99D9DB75-2DFF-4E21-950C-0C8FF850137D}.Release|x64.ActiveCfg = Release|Win32
		{2C86951C-F546-46C9-B983-0F09642906D9}.Debug_MBCS|Win32.ActiveCfg = Debug|Win32
		{2C86951C-F546-46C9-B983-0F09642906D9}.Debug_MBCS|Win32.Build.0 = Debug|Win32
		{2C86951C-F546-46C9-B983-0F09642906D9}.Debug_MBCS|x64.ActiveCfg = Debug|Win32
		{2C86951C-F546-46C9-B983-0F09642906D9}.Debug|Win32.ActiveCfg = Debug|Win32
		{2C86951C-F546-46C9-B983-0F09642906D9}.Debug|Win32.Build.0 = Debug|Win32
		{2C86951C-F546-46C9-B983-0F09642906D9}.Debug|x64.ActiveCfg = Debug|Win32
		{2C86951C-F546-46C9-B983-0F09642906D9}.Release_MBCS|Win32.ActiveCfg = Release|Win32
		{2C86951C-F546-46C9-B983-0F09642906D9}.Release_MBCS|Win32.Build.0 = Release|Win32
		{2C86951C-F546-46C9-B983-0F09642906D9}.Release_MBCS|x64.ActiveCfg = Release|Win32
		{2C86951C-F546-46C9-B983-0F09642906D9}.Release|Win32.ActiveCfg = Release|Win32
		{2C86951C-F546-46C9-B983-0F09642906D9}.Release|Win32.Build.0 = Release|Win32
		{2C86951C-F546-46C9-B983-0F09642906D9}.Release|x64.ActiveCfg = Release|Win32
	EndGlobalSection
	GlobalSection(SolutionProperties) = preSolution
		HideSolutionNode = FALSE
	EndGlobalSection
EndGlobal
